
Microsoft Visual Studio Solution File, Format Version 12.00
# Visual Studio Version 17
VisualStudioVersion = 17.11.35312.102
MinimumVisualStudioVersion = 10.0.40219.1
Project("{8BC9CEB8-8B4A-11D0-8D11-00A0C91BC942}") = "procgetto", "procgetto\procgetto.vcxproj", "{08727138-1007-4D29-A063-35156FAC7F93}"
EndProject
Global
	GlobalSection(SolutionConfigurationPlatforms) = preSolution
		Debug|x64 = Debug|x64
		Debug|x86 = Debug|x86
		Release|x64 = Release|x64
		Release|x86 = Release|x86
	EndGlobalSection
	GlobalSection(ProjectConfigurationPlatforms) = postSolution
		{08727138-1007-4D29-A063-35156FAC7F93}.Debug|x64.ActiveCfg = Debug|x64
		{08727138-1007-4D29-A063-35156FAC7F93}.Debug|x64.Build.0 = Debug|x64
		{08727138-1007-4D29-A063-35156FAC7F93}.Debug|x86.ActiveCfg = Debug|Win32
		{08727138-1007-4D29-A063-35156FAC7F93}.Debug|x86.Build.0 = Debug|Win32
		{08727138-1007-4D29-A063-35156FAC7F93}.Release|x64.ActiveCfg = Release|x64
		{08727138-1007-4D29-A063-35156FAC7F93}.Release|x64.Build.0 = Release|x64
		{08727138-1007-4D29-A063-35156FAC7F93}.Release|x86.ActiveCfg = Release|Win32
		{08727138-1007-4D29-A063-35156FAC7F93}.Release|x86.Build.0 = Release|Win32
	EndGlobalSection
	GlobalSection(SolutionProperties) = preSolution
		HideSolutionNode = FALSE
	EndGlobalSection
	GlobalSection(ExtensibilityGlobals) = postSolution
		SolutionGuid = {1FCE3BB5-4D77-4E72-BC6F-3EC1A4ABB4E0}
	EndGlobalSection
EndGlobal
